
Microsoft Visual Studio Solution File, Format Version 12.00
# Visual Studio 15
VisualStudioVersion = 15.0.27703.2000
MinimumVisualStudioVersion = 10.0.40219.1
Project("{FAE04EC0-301F-11D3-BF4B-00C04F79EFBC}") = "Paintsango", "Paintsango\Paintsango.csproj", "{E1ECE7EE-25D0-4EA6-8001-3B49A9FDC02D}"
EndProject
Global
	GlobalSection(SolutionConfigurationPlatforms) = preSolution
		Debug|Any CPU = Debug|Any CPU
		Release|Any CPU = Release|Any CPU
	EndGlobalSection
	GlobalSection(ProjectConfigurationPlatforms) = postSolution
		{E1ECE7EE-25D0-4EA6-8001-3B49A9FDC02D}.Debug|Any CPU.ActiveCfg = Debug|Any CPU
		{E1ECE7EE-25D0-4EA6-8001-3B49A9FDC02D}.Debug|Any CPU.Build.0 = Debug|Any CPU
		{E1ECE7EE-25D0-4EA6-8001-3B49A9FDC02D}.Release|Any CPU.ActiveCfg = Release|Any CPU
		{E1ECE7EE-25D0-4EA6-8001-3B49A9FDC02D}.Release|Any CPU.Build.0 = Release|Any CPU
	EndGlobalSection
	GlobalSection(SolutionProperties) = preSolution
		HideSolutionNode = FALSE
	EndGlobalSection
	GlobalSection(ExtensibilityGlobals) = postSolution
		SolutionGuid = {4C0626BC-E532-4BA0-A7BF-DA1DBAB391BE}
	EndGlobalSection
EndGlobal
