
Microsoft Visual Studio Solution File, Format Version 12.00
# Visual Studio 15
VisualStudioVersion = 15.0.27703.2000
MinimumVisualStudioVersion = 10.0.40219.1
Project("{FAE04EC0-301F-11D3-BF4B-00C04F79EFBC}") = "Tetris3D Prograf", "Tetris3D Prograf\Tetris3D Prograf.csproj", "{7AFF0319-9D54-4746-B555-3AEDC3BF4A85}"
EndProject
Global
	GlobalSection(SolutionConfigurationPlatforms) = preSolution
		Debug|Any CPU = Debug|Any CPU
		Release|Any CPU = Release|Any CPU
	EndGlobalSection
	GlobalSection(ProjectConfigurationPlatforms) = postSolution
		{7AFF0319-9D54-4746-B555-3AEDC3BF4A85}.Debug|Any CPU.ActiveCfg = Debug|Any CPU
		{7AFF0319-9D54-4746-B555-3AEDC3BF4A85}.Debug|Any CPU.Build.0 = Debug|Any CPU
		{7AFF0319-9D54-4746-B555-3AEDC3BF4A85}.Release|Any CPU.ActiveCfg = Release|Any CPU
		{7AFF0319-9D54-4746-B555-3AEDC3BF4A85}.Release|Any CPU.Build.0 = Release|Any CPU
	EndGlobalSection
	GlobalSection(SolutionProperties) = preSolution
		HideSolutionNode = FALSE
	EndGlobalSection
	GlobalSection(ExtensibilityGlobals) = postSolution
		SolutionGuid = {CAEE1E1E-1FF6-4C01-A498-82605A618EC7}
	EndGlobalSection
EndGlobal
